
Microsoft Visual Studio Solution File, Format Version 12.00
# Visual Studio Version 16
VisualStudioVersion = 16.0.29926.136
MinimumVisualStudioVersion = 10.0.40219.1
Project("{FAE04EC0-301F-11D3-BF4B-00C04F79EFBC}") = "CmsShoppingCart", "CmsShoppingCart\CmsShoppingCart.csproj", "{8FA06A31-BA42-4259-B1B4-31DE66A7CF4C}"
EndProject
Global
	GlobalSection(SolutionConfigurationPlatforms) = preSolution
		Debug|Any CPU = Debug|Any CPU
		Release|Any CPU = Release|Any CPU
	EndGlobalSection
	GlobalSection(ProjectConfigurationPlatforms) = postSolution
		{8FA06A31-BA42-4259-B1B4-31DE66A7CF4C}.Debug|Any CPU.ActiveCfg = Debug|Any CPU
		{8FA06A31-BA42-4259-B1B4-31DE66A7CF4C}.Debug|Any CPU.Build.0 = Debug|Any CPU
		{8FA06A31-BA42-4259-B1B4-31DE66A7CF4C}.Release|Any CPU.ActiveCfg = Release|Any CPU
		{8FA06A31-BA42-4259-B1B4-31DE66A7CF4C}.Release|Any CPU.Build.0 = Release|Any CPU
	EndGlobalSection
	GlobalSection(SolutionProperties) = preSolution
		HideSolutionNode = FALSE
	EndGlobalSection
	GlobalSection(ExtensibilityGlobals) = postSolution
		SolutionGuid = {DFAC39F1-B7DE-4340-9487-D88813B8604A}
	EndGlobalSection
EndGlobal
